PODS:
  - AppAuth (1.4.0):
    - AppAuth/Core (= 1.4.0)
    - AppAuth/ExternalUserAgent (= 1.4.0)
  - AppAuth/Core (1.4.0)
  - AppAuth/ExternalUserAgent (1.4.0)
  - BSGridCollectionViewLayout (1.2.5)
  - BSImagePicker (2.10.3):
    - BSGridCollectionViewLayout (= 1.2.5)
    - BSImageView (= 1.0.3)
  - BSImageView (1.0.3)
  - Firebase/Auth (6.32.0):
    - Firebase/CoreOnly
    - FirebaseAuth (~> 6.9.1)
  - Firebase/Core (6.32.0):
    - Firebase/CoreOnly
    - FirebaseAnalytics (= 6.8.1)
  - Firebase/CoreOnly (6.32.0):
    - FirebaseCore (= 6.10.2)
  - Firebase/Database (6.32.0):
    - Firebase/CoreOnly
    - FirebaseDatabase (~> 6.6.0)
  - Firebase/InAppMessagingDisplay (6.32.0):
    - Firebase/CoreOnly
    - FirebaseInAppMessagingDisplay (~> 0.17.0)
  - Firebase/Messaging (6.32.0):
    - Firebase/CoreOnly
    - FirebaseMessaging (~> 4.6.2)
  - Firebase/Storage (6.32.0):
    - Firebase/CoreOnly
    - FirebaseStorage (~> 3.9.0)
  - firebase_auth (0.0.1):
    - Firebase/Auth (~> 6.3)
    - Firebase/Core
    - Flutter
  - firebase_core (0.0.1):
    - Firebase/Core
    - Flutter
  - firebase_database (0.0.1):
    - Firebase/Database
    - Flutter
  - firebase_messaging (0.0.1):
    - Firebase/Core
    - Firebase/Messaging
    - Flutter
  - firebase_storage (0.0.1):
    - Firebase/Storage
    - Flutter
  - FirebaseAnalytics (6.8.1):
    - FirebaseCore (~> 6.10)
    - FirebaseInstallations (~> 1.6)
    - GoogleAppMeasurement (= 6.8.1)
    - GoogleUtilities/AppDelegateSwizzler (~> 6.7)
    - GoogleUtilities/MethodSwizzler (~> 6.7)
    - GoogleUtilities/Network (~> 6.7)
    - "GoogleUtilities/NSData+zlib (~> 6.7)"
    - nanopb (~> 1.30906.0)
  - FirebaseAuth (6.9.1):
    - FirebaseCore (~> 6.10)
    - GoogleUtilities/AppDelegateSwizzler (~> 6.7)
    - GoogleUtilities/Environment (~> 6.7)
    - GTMSessionFetcher/Core (~> 1.1)
  - FirebaseCore (6.10.2):
    - FirebaseCoreDiagnostics (~> 1.6)
    - GoogleUtilities/Environment (~> 6.7)
    - GoogleUtilities/Logger (~> 6.7)
  - FirebaseCoreDiagnostics (1.6.0):
    - GoogleDataTransport (~> 7.2)
    - GoogleUtilities/Environment (~> 6.7)
    - GoogleUtilities/Logger (~> 6.7)
    - nanopb (~> 1.30906.0)
  - FirebaseDatabase (6.6.0):
    - FirebaseCore (~> 6.10)
    - leveldb-library (~> 1.22)
  - FirebaseInAppMessagingDisplay (0.17.0)
  - FirebaseInstallations (1.7.0):
    - FirebaseCore (~> 6.10)
    - GoogleUtilities/Environment (~> 6.7)
    - GoogleUtilities/UserDefaults (~> 6.7)
    - PromisesObjC (~> 1.2)
  - FirebaseInstanceID (4.6.0):
    - FirebaseCore (~> 6.10)
    - FirebaseInstallations (~> 1.6)
    - GoogleUtilities/Environment (~> 6.7)
    - GoogleUtilities/UserDefaults (~> 6.7)
  - FirebaseMessaging (4.6.2):
    - FirebaseCore (~> 6.10)
    - FirebaseInstanceID (~> 4.6)
    - GoogleUtilities/AppDelegateSwizzler (~> 6.7)
    - GoogleUtilities/Environment (~> 6.7)
    - GoogleUtilities/Reachability (~> 6.7)
    - GoogleUtilities/UserDefaults (~> 6.7)
    - Protobuf (>= 3.9.2, ~> 3.9)
  - FirebaseStorage (3.9.0):
    - FirebaseCore (~> 6.10)
    - GTMSessionFetcher/Core (~> 1.1)
  - Flutter (1.0.0)
  - flutter_image_compress (0.0.1):
    - Flutter
    - Mantle
    - SDWebImageWebPCoder
  - flutter_local_notifications (0.0.1):
    - Flutter
  - fluttertoast (0.0.2):
    - Flutter
  - google_sign_in (0.0.1):
    - Flutter
    - GoogleSignIn (~> 5.0)
  - GoogleAppMeasurement (6.8.1):
    - GoogleUtilities/AppDelegateSwizzler (~> 6.7)
    - GoogleUtilities/MethodSwizzler (~> 6.7)
    - GoogleUtilities/Network (~> 6.7)
    - "GoogleUtilities/NSData+zlib (~> 6.7)"
    - nanopb (~> 1.30906.0)
  - GoogleDataTransport (7.3.0):
    - nanopb (~> 1.30906.0)
  - GoogleSignIn (5.0.2):
    - AppAuth (~> 1.2)
    - GTMAppAuth (~> 1.0)
    - GTMSessionFetcher/Core (~> 1.1)
  - GoogleUtilities/AppDelegateSwizzler (6.7.2):
    - GoogleUtilities/Environment
    - GoogleUtilities/Logger
    - GoogleUtilities/Network
  - GoogleUtilities/Environment (6.7.2):
    - PromisesObjC (~> 1.2)
  - GoogleUtilities/Logger (6.7.2):
    - GoogleUtilities/Environment
  - GoogleUtilities/MethodSwizzler (6.7.2):
    - GoogleUtilities/Logger
  - GoogleUtilities/Network (6.7.2):
    - GoogleUtilities/Logger
    - "GoogleUtilities/NSData+zlib"
    - GoogleUtilities/Reachability
  - "GoogleUtilities/NSData+zlib (6.7.2)"
  - GoogleUtilities/Reachability (6.7.2):
    - GoogleUtilities/Logger
  - GoogleUtilities/UserDefaults (6.7.2):
    - GoogleUtilities/Logger
  - GTMAppAuth (1.0.0):
    - AppAuth/Core (~> 1.0)
    - GTMSessionFetcher (~> 1.1)
  - GTMSessionFetcher (1.4.0):
    - GTMSessionFetcher/Full (= 1.4.0)
  - GTMSessionFetcher/Core (1.4.0)
  - GTMSessionFetcher/Full (1.4.0):
    - GTMSessionFetcher/Core (= 1.4.0)
  - image_picker (0.0.1):
    - Flutter
  - leveldb-library (1.22)
  - libwebp (1.1.0):
    - libwebp/demux (= 1.1.0)
    - libwebp/mux (= 1.1.0)
    - libwebp/webp (= 1.1.0)
  - libwebp/demux (1.1.0):
    - libwebp/webp
  - libwebp/mux (1.1.0):
    - libwebp/demux
  - libwebp/webp (1.1.0)
  - Mantle (2.1.1):
    - Mantle/extobjc (= 2.1.1)
  - Mantle/extobjc (2.1.1)
  - multi_image_picker (4.7.13):
    - BSImagePicker (~> 2.10.3)
    - Flutter
  - nanopb (1.30906.0):
    - nanopb/decode (= 1.30906.0)
    - nanopb/encode (= 1.30906.0)
  - nanopb/decode (1.30906.0)
  - nanopb/encode (1.30906.0)
  - path_provider (0.0.1):
    - Flutter
  - PromisesObjC (1.2.10)
  - Protobuf (3.13.0)
  - SDWebImage/Core (5.9.1)
  - SDWebImageWebPCoder (0.6.1):
    - libwebp (~> 1.0)
    - SDWebImage/Core (~> 5.7)
  - url_launcher (0.0.1):
    - Flutter

DEPENDENCIES:
  - Firebase/InAppMessagingDisplay
  - firebase_auth (from `.symlinks/plugins/firebase_auth/ios`)
  - firebase_core (from `.symlinks/plugins/firebase_core/ios`)
  - firebase_database (from `.symlinks/plugins/firebase_database/ios`)
  - firebase_messaging (from `.symlinks/plugins/firebase_messaging/ios`)
  - firebase_storage (from `.symlinks/plugins/firebase_storage/ios`)
  - Flutter (from `Flutter`)
  - flutter_image_compress (from `.symlinks/plugins/flutter_image_compress/ios`)
  - flutter_local_notifications (from `.symlinks/plugins/flutter_local_notifications/ios`)
  - fluttertoast (from `.symlinks/plugins/fluttertoast/ios`)
  - google_sign_in (from `.symlinks/plugins/google_sign_in/ios`)
  - image_picker (from `.symlinks/plugins/image_picker/ios`)
  - multi_image_picker (from `.symlinks/plugins/multi_image_picker/ios`)
  - path_provider (from `.symlinks/plugins/path_provider/ios`)
  - url_launcher (from `.symlinks/plugins/url_launcher/ios`)

SPEC REPOS:
  trunk:
    - AppAuth
    - BSGridCollectionViewLayout
    - BSImagePicker
    - BSImageView
    - Firebase
    - FirebaseAnalytics
    - FirebaseAuth
    - FirebaseCore
    - FirebaseCoreDiagnostics
    - FirebaseDatabase
    - FirebaseInAppMessagingDisplay
    - FirebaseInstallations
    - FirebaseInstanceID
    - FirebaseMessaging
    - FirebaseStorage
    - GoogleAppMeasurement
    - GoogleDataTransport
    - GoogleSignIn
    - GoogleUtilities
    - GTMAppAuth
    - GTMSessionFetcher
    - leveldb-library
    - libwebp
    - Mantle
    - nanopb
    - PromisesObjC
    - Protobuf
    - SDWebImage
    - SDWebImageWebPCoder

EXTERNAL SOURCES:
  firebase_auth:
    :path: ".symlinks/plugins/firebase_auth/ios"
  firebase_core:
    :path: ".symlinks/plugins/firebase_core/ios"
  firebase_database:
    :path: ".symlinks/plugins/firebase_database/ios"
  firebase_messaging:
    :path: ".symlinks/plugins/firebase_messaging/ios"
  firebase_storage:
    :path: ".symlinks/plugins/firebase_storage/ios"
  Flutter:
    :path: Flutter
  flutter_image_compress:
    :path: ".symlinks/plugins/flutter_image_compress/ios"
  flutter_local_notifications:
    :path: ".symlinks/plugins/flutter_local_notifications/ios"
  fluttertoast:
    :path: ".symlinks/plugins/fluttertoast/ios"
  google_sign_in:
    :path: ".symlinks/plugins/google_sign_in/ios"
  image_picker:
    :path: ".symlinks/plugins/image_picker/ios"
  multi_image_picker:
    :path: ".symlinks/plugins/multi_image_picker/ios"
  path_provider:
    :path: ".symlinks/plugins/path_provider/ios"
  url_launcher:
    :path: ".symlinks/plugins/url_launcher/ios"

SPEC CHECKSUMS:
  AppAuth: 31bcec809a638d7bd2f86ea8a52bd45f6e81e7c7
  BSGridCollectionViewLayout: 333dcb457a5a3bdd9212607ab5756553dcfe06cb
  BSImagePicker: 07404254f2fcdaf5a2eb403c0f8c337267ce8738
  BSImageView: a149459433a2687157d034c78e059d30ac7f2544
  Firebase: afa030f17f5421810f379a42b0e5d3302d27eb26
  firebase_auth: af8784c4d8d87c36f730a305f97bfbcb24db024b
  firebase_core: 335c02abd48672b7c83c683df833d0488a72e73e
  firebase_database: 88085c38a41ad0b5c3c611ede7205831a2ece844
  firebase_messaging: 21344b3b3a7d9d325d63a70e3750c0c798fe1e03
  firebase_storage: 22966fce4aa6e8848cbaa017df62107cee29f327
  FirebaseAnalytics: a4d98464f455f5056063932123fa441025322f30
  FirebaseAuth: f7b269b33c1e842a35400ddc9bbc8b03cdc47ba3
  FirebaseCore: 1d697bb944bf2af5fc248f1a66e165c9dd88bf97
  FirebaseCoreDiagnostics: 7415bfb3883b3500c5a95c42b6ba66baae78f600
  FirebaseDatabase: 13a865a4b85897462b930eb683bda8f52583713f
  FirebaseInAppMessagingDisplay: b55300a5353ed570ee18e7be6d853feccb17e4aa
  FirebaseInstallations: 466c7b4d1f58fe16707693091da253726a731ed2
  FirebaseInstanceID: 84f5f5762f1bee94ca2254f693bbf5aec6666504
  FirebaseMessaging: 82d75b3770a78bbce470769a6980429608b4c407
  FirebaseStorage: 33b92875a9b556824886cc7a65120c7d2cb3a8d8
  Flutter: 0e3d915762c693b495b44d77113d4970485de6ec
  flutter_image_compress: 082f8daaf6c1b0c9fe798251c750ef0ecd98d7ae
  flutter_local_notifications: 9e4738ce2471c5af910d961a6b7eadcf57c50186
  fluttertoast: b644586ef3b16f67fae9a1f8754cef6b2d6b634b
  google_sign_in: 6bd214b9c154f881422f5fe27b66aaa7bbd580cc
  GoogleAppMeasurement: e3618c6e9f5166a6b320b03b759da3b04ec2a101
  GoogleDataTransport: e85fb700c9b027079ce182c3d08e12e0f9618bb4
  GoogleSignIn: 7137d297ddc022a7e0aa4619c86d72c909fa7213
  GoogleUtilities: 7f2f5a07f888cdb145101d6042bc4422f57e70b3
  GTMAppAuth: 4deac854479704f348309e7b66189e604cf5e01e
  GTMSessionFetcher: 6f5c8abbab8a9bce4bb3f057e317728ec6182b10
  image_picker: 9c3312491f862b28d21ecd8fdf0ee14e601b3f09
  leveldb-library: 55d93ee664b4007aac644a782d11da33fba316f7
  libwebp: 946cb3063cea9236285f7e9a8505d806d30e07f3
  Mantle: 35238ae6f2e2b2d474fa7b67fee82a59fea71915
  multi_image_picker: fd16be811b37ab030f72bf5c1c48b3a174254d13
  nanopb: 59317e09cf1f1a0af72f12af412d54edf52603fc
  path_provider: abfe2b5c733d04e238b0d8691db0cfd63a27a93c
  PromisesObjC: b14b1c6b68e306650688599de8a45e49fae81151
  Protobuf: 3dac39b34a08151c6d949560efe3f86134a3f748
  SDWebImage: a990c053fff71e388a10f3357edb0be17929c9c5
  SDWebImageWebPCoder: d0dac55073088d24b2ac1b191a71a8f8d0adac21
  url_launcher: 6fef411d543ceb26efce54b05a0a40bfd74cbbef

PODFILE CHECKSUM: b9c7450acc75c32176bf7284bad9540abf3645a9

COCOAPODS: 1.10.0.beta.2
